Microsoft Visual Studio Solution File, Format Version 12.00
# Visual Studio Version 17
VisualStudioVersion = 17.3.32611.2
MinimumVisualStudioVersion = 10.0.40219.1
Project("{9A19103F-16F7-4668-BE54-9A1E7A4F7556}") = "NamespaceSort", "NamespaceSort.csproj", "{81815B9F-BA52-4730-AEAC-64DD12D3B794}"
EndProject
Project("{9A19103F-16F7-4668-BE54-9A1E7A4F7556}") = "Tests", "..\Tests\Tests.csproj", "{1197D729-795F-49A0-B9B9-7A0CBDDE417E}"
EndProject
Global
	GlobalSection(SolutionConfigurationPlatforms) = preSolution
		Debug|Any CPU = Debug|Any CPU
		Release|Any CPU = Release|Any CPU
	EndGlobalSection
	GlobalSection(ProjectConfigurationPlatforms) = postSolution
		{81815B9F-BA52-4730-AEAC-64DD12D3B794}.Debug|Any CPU.ActiveCfg = Debug|Any CPU
		{81815B9F-BA52-4730-AEAC-64DD12D3B794}.Debug|Any CPU.Build.0 = Debug|Any CPU
		{81815B9F-BA52-4730-AEAC-64DD12D3B794}.Release|Any CPU.ActiveCfg = Release|Any CPU
		{81815B9F-BA52-4730-AEAC-64DD12D3B794}.Release|Any CPU.Build.0 = Release|Any CPU
		{1197D729-795F-49A0-B9B9-7A0CBDDE417E}.Debug|Any CPU.ActiveCfg = Debug|Any CPU
		{1197D729-795F-49A0-B9B9-7A0CBDDE417E}.Debug|Any CPU.Build.0 = Debug|Any CPU
		{1197D729-795F-49A0-B9B9-7A0CBDDE417E}.Release|Any CPU.ActiveCfg = Release|Any CPU
		{1197D729-795F-49A0-B9B9-7A0CBDDE417E}.Release|Any CPU.Build.0 = Release|Any CPU
	EndGlobalSection
	GlobalSection(SolutionProperties) = preSolution
		HideSolutionNode = FALSE
	EndGlobalSection
	GlobalSection(ExtensibilityGlobals) = postSolution
		SolutionGuid = {58179FDB-506B-407F-87A5-BA1BE92A51E7}
	EndGlobalSection
EndGlobal
